
Microsoft Visual Studio Solution File, Format Version 12.00
# Visual Studio 14
VisualStudioVersion = 14.0.25420.1
MinimumVisualStudioVersion = 10.0.40219.1
Project("{FAE04EC0-301F-11D3-BF4B-00C04F79EFBC}") = "WebShop", "WebShop\WebShop.csproj", "{B733B2F1-2B5C-4DCC-B69C-91F12123C887}"
EndProject
Project("{FAE04EC0-301F-11D3-BF4B-00C04F79EFBC}") = "WebShop.DataLayer", "WebShop.DataLayer\WebShop.DataLayer.csproj", "{3FA76EB7-01A3-4BD6-BF1B-A5F65A7A4725}"
EndProject
Project("{FAE04EC0-301F-11D3-BF4B-00C04F79EFBC}") = "WebShop.ServiceLayer", "WebShop.ServiceLayer\WebShop.ServiceLayer.csproj", "{E3F88279-8D9D-42ED-83DB-4963362DA76B}"
EndProject
Project("{FAE04EC0-301F-11D3-BF4B-00C04F79EFBC}") = "WebShop.ViewModels", "WebShop.ViewModels\WebShop.ViewModels.csproj", "{17405B4A-1BD6-4088-8E25-45FFB7F6F8AC}"
EndProject
Project("{FAE04EC0-301F-11D3-BF4B-00C04F79EFBC}") = "Utilities", "Utilities\Utilities.csproj", "{221F2425-BBD1-4994-81B5-8DDEB9E7B764}"
EndProject
Project("{FAE04EC0-301F-11D3-BF4B-00C04F79EFBC}") = "AutoMapperContracts", "AutoMapperContracts\AutoMapperContracts.csproj", "{27483354-F523-4629-8B33-30003C75E6AC}"
EndProject
Project("{FAE04EC0-301F-11D3-BF4B-00C04F79EFBC}") = "WebShop.DomainClasses", "Iris.DomainClasses\WebShop.DomainClasses.csproj", "{CAA59D0B-7740-4770-AC47-6D2B0EA56CEF}"
EndProject
Global
	GlobalSection(SolutionConfigurationPlatforms) = preSolution
		Debug|Any CPU = Debug|Any CPU
		Debug|ARM = Debug|ARM
		Debug|x64 = Debug|x64
		Debug|x86 = Debug|x86
		Release|Any CPU = Release|Any CPU
		Release|ARM = Release|ARM
		Release|x64 = Release|x64
		Release|x86 = Release|x86
	EndGlobalSection
	GlobalSection(ProjectConfigurationPlatforms) = postSolution
		{B733B2F1-2B5C-4DCC-B69C-91F12123C887}.Debug|Any CPU.ActiveCfg = Debug|Any CPU
		{B733B2F1-2B5C-4DCC-B69C-91F12123C887}.Debug|Any CPU.Build.0 = Debug|Any CPU
		{B733B2F1-2B5C-4DCC-B69C-91F12123C887}.Debug|ARM.ActiveCfg = Debug|Any CPU
		{B733B2F1-2B5C-4DCC-B69C-91F12123C887}.Debug|ARM.Build.0 = Debug|Any CPU
		{B733B2F1-2B5C-4DCC-B69C-91F12123C887}.Debug|x64.ActiveCfg = Debug|Any CPU
		{B733B2F1-2B5C-4DCC-B69C-91F12123C887}.Debug|x64.Build.0 = Debug|Any CPU
		{B733B2F1-2B5C-4DCC-B69C-91F12123C887}.Debug|x86.ActiveCfg = Debug|Any CPU
		{B733B2F1-2B5C-4DCC-B69C-91F12123C887}.Debug|x86.Build.0 = Debug|Any CPU
		{B733B2F1-2B5C-4DCC-B69C-91F12123C887}.Release|Any CPU.ActiveCfg = Release|Any CPU
		{B733B2F1-2B5C-4DCC-B69C-91F12123C887}.Release|Any CPU.Build.0 = Release|Any CPU
		{B733B2F1-2B5C-4DCC-B69C-91F12123C887}.Release|ARM.ActiveCfg = Release|Any CPU
		{B733B2F1-2B5C-4DCC-B69C-91F12123C887}.Release|ARM.Build.0 = Release|Any CPU
		{B733B2F1-2B5C-4DCC-B69C-91F12123C887}.Release|x64.ActiveCfg = Release|Any CPU
		{B733B2F1-2B5C-4DCC-B69C-91F12123C887}.Release|x64.Build.0 = Release|Any CPU
		{B733B2F1-2B5C-4DCC-B69C-91F12123C887}.Release|x86.ActiveCfg = Release|Any CPU
		{B733B2F1-2B5C-4DCC-B69C-91F12123C887}.Release|x86.Build.0 = Release|Any CPU
		{3FA76EB7-01A3-4BD6-BF1B-A5F65A7A4725}.Debug|Any CPU.ActiveCfg = Debug|Any CPU
		{3FA76EB7-01A3-4BD6-BF1B-A5F65A7A4725}.Debug|Any CPU.Build.0 = Debug|Any CPU
		{3FA76EB7-01A3-4BD6-BF1B-A5F65A7A4725}.Debug|ARM.ActiveCfg = Debug|Any CPU
		{3FA76EB7-01A3-4BD6-BF1B-A5F65A7A4725}.Debug|ARM.Build.0 = Debug|Any CPU
		{3FA76EB7-01A3-4BD6-BF1B-A5F65A7A4725}.Debug|x64.ActiveCfg = Debug|Any CPU
		{3FA76EB7-01A3-4BD6-BF1B-A5F65A7A4725}.Debug|x64.Build.0 = Debug|Any CPU
		{3FA76EB7-01A3-4BD6-BF1B-A5F65A7A4725}.Debug|x86.ActiveCfg = Debug|Any CPU
		{3FA76EB7-01A3-4BD6-BF1B-A5F65A7A4725}.Debug|x86.Build.0 = Debug|Any CPU
		{3FA76EB7-01A3-4BD6-BF1B-A5F65A7A4725}.Release|Any CPU.ActiveCfg = Release|Any CPU
		{3FA76EB7-01A3-4BD6-BF1B-A5F65A7A4725}.Release|Any CPU.Build.0 = Release|Any CPU
		{3FA76EB7-01A3-4BD6-BF1B-A5F65A7A4725}.Release|ARM.ActiveCfg = Release|Any CPU
		{3FA76EB7-01A3-4BD6-BF1B-A5F65A7A4725}.Release|ARM.Build.0 = Release|Any CPU
		{3FA76EB7-01A3-4BD6-BF1B-A5F65A7A4725}.Release|x64.ActiveCfg = Release|Any CPU
		{3FA76EB7-01A3-4BD6-BF1B-A5F65A7A4725}.Release|x64.Build.0 = Release|Any CPU
		{3FA76EB7-01A3-4BD6-BF1B-A5F65A7A4725}.Release|x86.ActiveCfg = Release|Any CPU
		{3FA76EB7-01A3-4BD6-BF1B-A5F65A7A4725}.Release|x86.Build.0 = Release|Any CPU
		{E3F88279-8D9D-42ED-83DB-4963362DA76B}.Debug|Any CPU.ActiveCfg = Debug|Any CPU
		{E3F88279-8D9D-42ED-83DB-4963362DA76B}.Debug|Any CPU.Build.0 = Debug|Any CPU
		{E3F88279-8D9D-42ED-83DB-4963362DA76B}.Debug|ARM.ActiveCfg = Debug|Any CPU
		{E3F88279-8D9D-42ED-83DB-4963362DA76B}.Debug|ARM.Build.0 = Debug|Any CPU
		{E3F88279-8D9D-42ED-83DB-4963362DA76B}.Debug|x64.ActiveCfg = Debug|Any CPU
		{E3F88279-8D9D-42ED-83DB-4963362DA76B}.Debug|x64.Build.0 = Debug|Any CPU
		{E3F88279-8D9D-42ED-83DB-4963362DA76B}.Debug|x86.ActiveCfg = Debug|Any CPU
		{E3F88279-8D9D-42ED-83DB-4963362DA76B}.Debug|x86.Build.0 = Debug|Any CPU
		{E3F88279-8D9D-42ED-83DB-4963362DA76B}.Release|Any CPU.ActiveCfg = Release|Any CPU
		{E3F88279-8D9D-42ED-83DB-4963362DA76B}.Release|Any CPU.Build.0 = Release|Any CPU
		{E3F88279-8D9D-42ED-83DB-4963362DA76B}.Release|ARM.ActiveCfg = Release|Any CPU
		{E3F88279-8D9D-42ED-83DB-4963362DA76B}.Release|ARM.Build.0 = Release|Any CPU
		{E3F88279-8D9D-42ED-83DB-4963362DA76B}.Release|x64.ActiveCfg = Release|Any CPU
		{E3F88279-8D9D-42ED-83DB-4963362DA76B}.Release|x64.Build.0 = Release|Any CPU
		{E3F88279-8D9D-42ED-83DB-4963362DA76B}.Release|x86.ActiveCfg = Release|Any CPU
		{E3F88279-8D9D-42ED-83DB-4963362DA76B}.Release|x86.Build.0 = Release|Any CPU
		{17405B4A-1BD6-4088-8E25-45FFB7F6F8AC}.Debug|Any CPU.ActiveCfg = Debug|Any CPU
		{17405B4A-1BD6-4088-8E25-45FFB7F6F8AC}.Debug|Any CPU.Build.0 = Debug|Any CPU
		{17405B4A-1BD6-4088-8E25-45FFB7F6F8AC}.Debug|ARM.ActiveCfg = Debug|Any CPU
		{17405B4A-1BD6-4088-8E25-45FFB7F6F8AC}.Debug|ARM.Build.0 = Debug|Any CPU
		{17405B4A-1BD6-4088-8E25-45FFB7F6F8AC}.Debug|x64.ActiveCfg = Debug|Any CPU
		{17405B4A-1BD6-4088-8E25-45FFB7F6F8AC}.Debug|x64.Build.0 = Debug|Any CPU
		{17405B4A-1BD6-4088-8E25-45FFB7F6F8AC}.Debug|x86.ActiveCfg = Debug|Any CPU
		{17405B4A-1BD6-4088-8E25-45FFB7F6F8AC}.Debug|x86.Build.0 = Debug|Any CPU
		{17405B4A-1BD6-4088-8E25-45FFB7F6F8AC}.Release|Any CPU.ActiveCfg = Release|Any CPU
		{17405B4A-1BD6-4088-8E25-45FFB7F6F8AC}.Release|Any CPU.Build.0 = Release|Any CPU
		{17405B4A-1BD6-4088-8E25-45FFB7F6F8AC}.Release|ARM.ActiveCfg = Release|Any CPU
		{17405B4A-1BD6-4088-8E25-45FFB7F6F8AC}.Release|ARM.Build.0 = Release|Any CPU
		{17405B4A-1BD6-4088-8E25-45FFB7F6F8AC}.Release|x64.ActiveCfg = Release|Any CPU
		{17405B4A-1BD6-4088-8E25-45FFB7F6F8AC}.Release|x64.Build.0 = Release|Any CPU
		{17405B4A-1BD6-4088-8E25-45FFB7F6F8AC}.Release|x86.ActiveCfg = Release|Any CPU
		{17405B4A-1BD6-4088-8E25-45FFB7F6F8AC}.Release|x86.Build.0 = Release|Any CPU
		{221F2425-BBD1-4994-81B5-8DDEB9E7B764}.Debug|Any CPU.ActiveCfg = Debug|Any CPU
		{221F2425-BBD1-4994-81B5-8DDEB9E7B764}.Debug|Any CPU.Build.0 = Debug|Any CPU
		{221F2425-BBD1-4994-81B5-8DDEB9E7B764}.Debug|ARM.ActiveCfg = Debug|Any CPU
		{221F2425-BBD1-4994-81B5-8DDEB9E7B764}.Debug|ARM.Build.0 = Debug|Any CPU
		{221F2425-BBD1-4994-81B5-8DDEB9E7B764}.Debug|x64.ActiveCfg = Debug|Any CPU
		{221F2425-BBD1-4994-81B5-8DDEB9E7B764}.Debug|x64.Build.0 = Debug|Any CPU
		{221F2425-BBD1-4994-81B5-8DDEB9E7B764}.Debug|x86.ActiveCfg = Debug|Any CPU
		{221F2425-BBD1-4994-81B5-8DDEB9E7B764}.Debug|x86.Build.0 = Debug|Any CPU
		{221F2425-BBD1-4994-81B5-8DDEB9E7B764}.Release|Any CPU.ActiveCfg = Release|Any CPU
		{221F2425-BBD1-4994-81B5-8DDEB9E7B764}.Release|Any CPU.Build.0 = Release|Any CPU
		{221F2425-BBD1-4994-81B5-8DDEB9E7B764}.Release|ARM.ActiveCfg = Release|Any CPU
		{221F2425-BBD1-4994-81B5-8DDEB9E7B764}.Release|ARM.Build.0 = Release|Any CPU
		{221F2425-BBD1-4994-81B5-8DDEB9E7B764}.Release|x64.ActiveCfg = Release|Any CPU
		{221F2425-BBD1-4994-81B5-8DDEB9E7B764}.Release|x64.Build.0 = Release|Any CPU
		{221F2425-BBD1-4994-81B5-8DDEB9E7B764}.Release|x86.ActiveCfg = Release|Any CPU
		{221F2425-BBD1-4994-81B5-8DDEB9E7B764}.Release|x86.Build.0 = Release|Any CPU
		{27483354-F523-4629-8B33-30003C75E6AC}.Debug|Any CPU.ActiveCfg = Debug|Any CPU
		{27483354-F523-4629-8B33-30003C75E6AC}.Debug|Any CPU.Build.0 = Debug|Any CPU
		{27483354-F523-4629-8B33-30003C75E6AC}.Debug|ARM.ActiveCfg = Debug|Any CPU
		{27483354-F523-4629-8B33-30003C75E6AC}.Debug|ARM.Build.0 = Debug|Any CPU
		{27483354-F523-4629-8B33-30003C75E6AC}.Debug|x64.ActiveCfg = Debug|Any CPU
		{27483354-F523-4629-8B33-30003C75E6AC}.Debug|x64.Build.0 = Debug|Any CPU
		{27483354-F523-4629-8B33-30003C75E6AC}.Debug|x86.ActiveCfg = Debug|Any CPU
		{27483354-F523-4629-8B33-30003C75E6AC}.Debug|x86.Build.0 = Debug|Any CPU
		{27483354-F523-4629-8B33-30003C75E6AC}.Release|Any CPU.ActiveCfg = Release|Any CPU
		{27483354-F523-4629-8B33-30003C75E6AC}.Release|Any CPU.Build.0 = Release|Any CPU
		{27483354-F523-4629-8B33-30003C75E6AC}.Release|ARM.ActiveCfg = Release|Any CPU
		{27483354-F523-4629-8B33-30003C75E6AC}.Release|ARM.Build.0 = Release|Any CPU
		{27483354-F523-4629-8B33-30003C75E6AC}.Release|x64.ActiveCfg = Release|Any CPU
		{27483354-F523-4629-8B33-30003C75E6AC}.Release|x64.Build.0 = Release|Any CPU
		{27483354-F523-4629-8B33-30003C75E6AC}.Release|x86.ActiveCfg = Release|Any CPU
		{27483354-F523-4629-8B33-30003C75E6AC}.Release|x86.Build.0 = Release|Any CPU
		{CAA59D0B-7740-4770-AC47-6D2B0EA56CEF}.Debug|Any CPU.ActiveCfg = Debug|Any CPU
		{CAA59D0B-7740-4770-AC47-6D2B0EA56CEF}.Debug|Any CPU.Build.0 = Debug|Any CPU
		{CAA59D0B-7740-4770-AC47-6D2B0EA56CEF}.Debug|ARM.ActiveCfg = Debug|Any CPU
		{CAA59D0B-7740-4770-AC47-6D2B0EA56CEF}.Debug|ARM.Build.0 = Debug|Any CPU
		{CAA59D0B-7740-4770-AC47-6D2B0EA56CEF}.Debug|x64.ActiveCfg = Debug|Any CPU
		{CAA59D0B-7740-4770-AC47-6D2B0EA56CEF}.Debug|x64.Build.0 = Debug|Any CPU
		{CAA59D0B-7740-4770-AC47-6D2B0EA56CEF}.Debug|x86.ActiveCfg = Debug|Any CPU
		{CAA59D0B-7740-4770-AC47-6D2B0EA56CEF}.Debug|x86.Build.0 = Debug|Any CPU
		{CAA59D0B-7740-4770-AC47-6D2B0EA56CEF}.Release|Any CPU.ActiveCfg = Release|Any CPU
		{CAA59D0B-7740-4770-AC47-6D2B0EA56CEF}.Release|Any CPU.Build.0 = Release|Any CPU
		{CAA59D0B-7740-4770-AC47-6D2B0EA56CEF}.Release|ARM.ActiveCfg = Release|Any CPU
		{CAA59D0B-7740-4770-AC47-6D2B0EA56CEF}.Release|ARM.Build.0 = Release|Any CPU
		{CAA59D0B-7740-4770-AC47-6D2B0EA56CEF}.Release|x64.ActiveCfg = Release|Any CPU
		{CAA59D0B-7740-4770-AC47-6D2B0EA56CEF}.Release|x64.Build.0 = Release|Any CPU
		{CAA59D0B-7740-4770-AC47-6D2B0EA56CEF}.Release|x86.ActiveCfg = Release|Any CPU
		{CAA59D0B-7740-4770-AC47-6D2B0EA56CEF}.Release|x86.Build.0 = Release|Any CPU
	EndGlobalSection
	GlobalSection(SolutionProperties) = preSolution
		HideSolutionNode = FALSE
	EndGlobalSection
EndGlobal
